
Microsoft Visual Studio Solution File, Format Version 12.00
# Visual Studio Version 16
VisualStudioVersion = 16.0.29306.81
MinimumVisualStudioVersion = 10.0.40219.1
Project("{9A19103F-16F7-4668-BE54-9A1E7A4F7556}") = "FirstStaticWebApp", "FirstStaticWebApp.csproj", "{BC4B2D04-B3B3-4D5C-A125-B540869DD7E9}"
EndProject
Project("{FAE04EC0-301F-11D3-BF4B-00C04F79EFBC}") = "FirstStaticWebApp.test", "..\FirstStaticWebApp.test\FirstStaticWebApp.test.csproj", "{BA5A617E-8A91-46E1-A281-A23A05F507DD}"
EndProject
Global
	GlobalSection(SolutionConfigurationPlatforms) = preSolution
		Debug|Any CPU = Debug|Any CPU
		Release|Any CPU = Release|Any CPU
	EndGlobalSection
	GlobalSection(ProjectConfigurationPlatforms) = postSolution
		{BC4B2D04-B3B3-4D5C-A125-B540869DD7E9}.Debug|Any CPU.ActiveCfg = Debug|Any CPU
		{BC4B2D04-B3B3-4D5C-A125-B540869DD7E9}.Debug|Any CPU.Build.0 = Debug|Any CPU
		{BC4B2D04-B3B3-4D5C-A125-B540869DD7E9}.Release|Any CPU.ActiveCfg = Release|Any CPU
		{BC4B2D04-B3B3-4D5C-A125-B540869DD7E9}.Release|Any CPU.Build.0 = Release|Any CPU
		{BA5A617E-8A91-46E1-A281-A23A05F507DD}.Debug|Any CPU.ActiveCfg = Debug|Any CPU
		{BA5A617E-8A91-46E1-A281-A23A05F507DD}.Debug|Any CPU.Build.0 = Debug|Any CPU
		{BA5A617E-8A91-46E1-A281-A23A05F507DD}.Release|Any CPU.ActiveCfg = Release|Any CPU
		{BA5A617E-8A91-46E1-A281-A23A05F507DD}.Release|Any CPU.Build.0 = Release|Any CPU
	EndGlobalSection
	GlobalSection(SolutionProperties) = preSolution
		HideSolutionNode = FALSE
	EndGlobalSection
	GlobalSection(ExtensibilityGlobals) = postSolution
		SolutionGuid = {66A55565-83C0-47C7-8881-095A9C3A1314}
	EndGlobalSection
EndGlobal
